
Microsoft Visual Studio Solution File, Format Version 12.00
# Visual Studio Version 16
VisualStudioVersion = 16.0.30406.217
MinimumVisualStudioVersion = 10.0.40219.1
Project("{FAE04EC0-301F-11D3-BF4B-00C04F79EFBC}") = "BlazorApp.Server", "Server\BlazorApp.Server.csproj", "{0144B202-4164-464F-A27E-7D1ACA7816F7}"
EndProject
Project("{FAE04EC0-301F-11D3-BF4B-00C04F79EFBC}") = "BlazorApp.Client", "Client\BlazorApp.Client.csproj", "{84DF51FF-B9FE-4CE1-A09D-04456B2E1075}"
EndProject
Project("{FAE04EC0-301F-11D3-BF4B-00C04F79EFBC}") = "BlazorApp.Shared", "Shared\BlazorApp.Shared.csproj", "{76771109-945E-4DB8-809C-6E2C39A0B5ED}"
EndProject
Global
	GlobalSection(SolutionConfigurationPlatforms) = preSolution
		Debug|Any CPU = Debug|Any CPU
		Release|Any CPU = Release|Any CPU
	EndGlobalSection
	GlobalSection(ProjectConfigurationPlatforms) = postSolution
		{0144B202-4164-464F-A27E-7D1ACA7816F7}.Debug|Any CPU.ActiveCfg = Debug|Any CPU
		{0144B202-4164-464F-A27E-7D1ACA7816F7}.Debug|Any CPU.Build.0 = Debug|Any CPU
		{0144B202-4164-464F-A27E-7D1ACA7816F7}.Release|Any CPU.ActiveCfg = Release|Any CPU
		{0144B202-4164-464F-A27E-7D1ACA7816F7}.Release|Any CPU.Build.0 = Release|Any CPU
		{84DF51FF-B9FE-4CE1-A09D-04456B2E1075}.Debug|Any CPU.ActiveCfg = Debug|Any CPU
		{84DF51FF-B9FE-4CE1-A09D-04456B2E1075}.Debug|Any CPU.Build.0 = Debug|Any CPU
		{84DF51FF-B9FE-4CE1-A09D-04456B2E1075}.Release|Any CPU.ActiveCfg = Release|Any CPU
		{84DF51FF-B9FE-4CE1-A09D-04456B2E1075}.Release|Any CPU.Build.0 = Release|Any CPU
		{76771109-945E-4DB8-809C-6E2C39A0B5ED}.Debug|Any CPU.ActiveCfg = Debug|Any CPU
		{76771109-945E-4DB8-809C-6E2C39A0B5ED}.Debug|Any CPU.Build.0 = Debug|Any CPU
		{76771109-945E-4DB8-809C-6E2C39A0B5ED}.Release|Any CPU.ActiveCfg = Release|Any CPU
		{76771109-945E-4DB8-809C-6E2C39A0B5ED}.Release|Any CPU.Build.0 = Release|Any CPU
	EndGlobalSection
	GlobalSection(SolutionProperties) = preSolution
		HideSolutionNode = FALSE
	EndGlobalSection
	GlobalSection(ExtensibilityGlobals) = postSolution
		SolutionGuid = {CF092238-901C-4446-9789-318C66350AFC}
	EndGlobalSection
EndGlobal
